// !$*UTF8*$!
{
	archiveVersion = 1;
	classes = {
	};
	objectVersion = 56;
	objects = {

/* Begin PBXBuildFile section */
		3F586FE82BC8FFEE0097609B /* AppDelegate.swift in Sources */ = {isa = PBXBuildFile; fileRef = 3F586FE72BC8FFEE0097609B /* AppDelegate.swift */; };
		3F586FEA2BC8FFEE0097609B /* SceneDelegate.swift in Sources */ = {isa = PBXBuildFile; fileRef = 3F586FE92BC8FFEE0097609B /* SceneDelegate.swift */; };
		3F586FEC2BC8FFEE0097609B /* ViewController.swift in Sources */ = {isa = PBXBuildFile; fileRef = 3F586FEB2BC8FFEE0097609B /* ViewController.swift */; };
		3F586FEF2BC8FFEE0097609B /* Base in Resources */ = {isa = PBXBuildFile; fileRef = 3F586FEE2BC8FFEE0097609B /* Base */; };
		3F586FF12BC8FFEF0097609B /* Assets.xcassets in Resources */ = {isa = PBXBuildFile; fileRef = 3F586FF02BC8FFEF0097609B /* Assets.xcassets */; };
		3F586FF42BC8FFEF0097609B /* Base in Resources */ = {isa = PBXBuildFile; fileRef = 3F586FF32BC8FFEF0097609B /* Base */; };
		3F586FFF2BC8FFF00097609B /* CounterTests.swift in Sources */ = {isa = PBXBuildFile; fileRef = 3F586FFE2BC8FFF00097609B /* CounterTests.swift */; };
		3F5870092BC8FFF00097609B /* CounterUITests.swift in Sources */ = {isa = PBXBuildFile; fileRef = 3F5870082BC8FFF00097609B /* CounterUITests.swift */; };
		3F58700B2BC8FFF00097609B /* CounterUITestsLaunchTests.swift in Sources */ = {isa = PBXBuildFile; fileRef = 3F58700A2BC8FFF00097609B /* CounterUITestsLaunchTests.swift */; };
/* End PBXBuildFile section */

/* Begin PBXContainerItemProxy section */
		3F586FFB2BC8FFF00097609B /* PBXContainerItemProxy */ = {
			isa = PBXContainerItemProxy;
			containerPortal = 3F586FDC2BC8FFEE0097609B /* Project object */;
			proxyType = 1;
			remoteGlobalIDString = 3F586FE32BC8FFEE0097609B;
			remoteInfo = Counter;
		};
		3F5870052BC8FFF00097609B /* PBXContainerItemProxy */ = {
			isa = PBXContainerItemProxy;
			containerPortal = 3F586FDC2BC8FFEE0097609B /* Project object */;
			proxyType = 1;
			remoteGlobalIDString = 3F586FE32BC8FFEE0097609B;
			remoteInfo = Counter;
		};
/* End PBXContainerItemProxy section */

/* Begin PBXFileReference section */
		3F586FE42BC8FFEE0097609B /* Counter.app */ = {isa = PBXFileReference; explicitFileType = wrapper.application; includeInIndex = 0; path = Counter.app; sourceTree = BUILT_PRODUCTS_DIR; };
		3F586FE72BC8FFEE0097609B /* AppDelegate.swift */ = {isa = PBXFileReference; lastKnownFileType = sourcecode.swift; path = AppDelegate.swift; sourceTree = "<group>"; };
		3F586FE92BC8FFEE0097609B /* SceneDelegate.swift */ = {isa = PBXFileReference; lastKnownFileType = sourcecode.swift; path = SceneDelegate.swift; sourceTree = "<group>"; };
		3F586FEB2BC8FFEE0097609B /* ViewController.swift */ = {isa = PBXFileReference; lastKnownFileType = sourcecode.swift; path = ViewController.swift; sourceTree = "<group>"; };
		3F586FEE2BC8FFEE0097609B /* Base */ = {isa = PBXFileReference; lastKnownFileType = file.storyboard; name = Base; path = Base.lproj/Main.storyboard; sourceTree = "<group>"; };
		3F586FF02BC8FFEF0097609B /* Assets.xcassets */ = {isa = PBXFileReference; lastKnownFileType = folder.assetcatalog; path = Assets.xcassets; sourceTree = "<group>"; };
		3F586FF32BC8FFEF0097609B /* Base */ = {isa = PBXFileReference; lastKnownFileType = file.storyboard; name = Base; path = Base.lproj/LaunchScreen.storyboard; sourceTree = "<group>"; };
		3F586FF52BC8FFEF0097609B /* Info.plist */ = {isa = PBXFileReference; lastKnownFileType = text.plist.xml; path = Info.plist; sourceTree = "<group>"; };
		3F586FFA2BC8FFF00097609B /* CounterTests.xctest */ = {isa = PBXFileReference; explicitFileType = wrapper.cfbundle; includeInIndex = 0; path = CounterTests.xctest; sourceTree = BUILT_PRODUCTS_DIR; };
		3F586FFE2BC8FFF00097609B /* CounterTests.swift */ = {isa = PBXFileReference; lastKnownFileType = sourcecode.swift; path = CounterTests.swift; sourceTree = "<group>"; };
		3F5870042BC8FFF00097609B /* CounterUITests.xctest */ = {isa = PBXFileReference; explicitFileType = wrapper.cfbundle; includeInIndex = 0; path = CounterUITests.xctest; sourceTree = BUILT_PRODUCTS_DIR; };
		3F5870082BC8FFF00097609B /* CounterUITests.swift */ = {isa = PBXFileReference; lastKnownFileType = sourcecode.swift; path = CounterUITests.swift; sourceTree = "<group>"; };
		3F58700A2BC8FFF00097609B /* CounterUITestsLaunchTests.swift */ = {isa = PBXFileReference; lastKnownFileType = sourcecode.swift; path = CounterUITestsLaunchTests.swift; sourceTree = "<group>"; };
/* End PBXFileReference section */

/* Begin PBXFrameworksBuildPhase section */
		3F586FE12BC8FFEE0097609B /* Frameworks */ = {
			isa = PBXFrameworksBuildPhase;
			buildActionMask = 2147483647;
			files = (
			);
			runOnlyForDeploymentPostprocessing = 0;
		};
		3F586FF72BC8FFF00097609B /* Frameworks */ = {
			isa = PBXFrameworksBuildPhase;
			buildActionMask = 2147483647;
			files = (
			);
			runOnlyForDeploymentPostprocessing = 0;
		};
		3F5870012BC8FFF00097609B /* Frameworks */ = {
			isa = PBXFrameworksBuildPhase;
			buildActionMask = 2147483647;
			files = (
			);
			runOnlyForDeploymentPostprocessing = 0;
		};
/* End PBXFrameworksBuildPhase section */

/* Begin PBXGroup section */
		3F586FDB2BC8FFEE0097609B = {
			isa = PBXGroup;
			children = (
				3F586FE62BC8FFEE0097609B /* Counter */,
				3F586FFD2BC8FFF00097609B /* CounterTests */,
				3F5870072BC8FFF00097609B /* CounterUITests */,
				3F586FE52BC8FFEE0097609B /* Products */,
			);
			sourceTree = "<group>";
		};
		3F586FE52BC8FFEE0097609B /* Products */ = {
			isa = PBXGroup;
			children = (
				3F586FE42BC8FFEE0097609B /* Counter.app */,
				3F586FFA2BC8FFF00097609B /* CounterTests.xctest */,
				3F5870042BC8FFF00097609B /* CounterUITests.xctest */,
			);
			name = Products;
			sourceTree = "<group>";
		};
		3F586FE62BC8FFEE0097609B /* Counter */ = {
			isa = PBXGroup;
			children = (
				3F586FE72BC8FFEE0097609B /* AppDelegate.swift */,
				3F586FE92BC8FFEE0097609B /* SceneDelegate.swift */,
				3F586FEB2BC8FFEE0097609B /* ViewController.swift */,
				3F586FED2BC8FFEE0097609B /* Main.storyboard */,
				3F586FF02BC8FFEF0097609B /* Assets.xcassets */,
				3F586FF22BC8FFEF0097609B /* LaunchScreen.storyboard */,
				3F586FF52BC8FFEF0097609B /* Info.plist */,
			);
			path = Counter;
			sourceTree = "<group>";
		};
		3F586FFD2BC8FFF00097609B /* CounterTests */ = {
			isa = PBXGroup;
			children = (
				3F586FFE2BC8FFF00097609B /* CounterTests.swift */,
			);
			path = CounterTests;
			sourceTree = "<group>";
		};
		3F5870072BC8FFF00097609B /* CounterUITests */ = {
			isa = PBXGroup;
			children = (
				3F5870082BC8FFF00097609B /* CounterUITests.swift */,
				3F58700A2BC8FFF00097609B /* CounterUITestsLaunchTests.swift */,
			);
			path = CounterUITests;
			sourceTree = "<group>";
		};
/* End PBXGroup section */

/* Begin PBXNativeTarget section */
		3F586FE32BC8FFEE0097609B /* Counter */ = {
			isa = PBXNativeTarget;
			buildConfigurationList = 3F58700E2BC8FFF00097609B /* Build configuration list for PBXNativeTarget "Counter" */;
			buildPhases = (
				3F586FE02BC8FFEE0097609B /* Sources */,
				3F586FE12BC8FFEE0097609B /* Frameworks */,
				3F586FE22BC8FFEE0097609B /* Resources */,
			);
			buildRules = (
			);
			dependencies = (
			);
			name = Counter;
			productName = Counter;
			productReference = 3F586FE42BC8FFEE0097609B /* Counter.app */;
			productType = "com.apple.product-type.application";
		};
		3F586FF92BC8FFF00097609B /* CounterTests */ = {
			isa = PBXNativeTarget;
			buildConfigurationList = 3F5870112BC8FFF00097609B /* Build configuration list for PBXNativeTarget "CounterTests" */;
			buildPhases = (
				3F586FF62BC8FFF00097609B /* Sources */,
				3F586FF72BC8FFF00097609B /* Frameworks */,
				3F586FF82BC8FFF00097609B /* Resources */,
			);
			buildRules = (
			);
			dependencies = (
				3F586FFC2BC8FFF00097609B /* PBXTargetDependency */,
			);
			name = CounterTests;
			productName = CounterTests;
			productReference = 3F586FFA2BC8FFF00097609B /* CounterTests.xctest */;
			productType = "com.apple.product-type.bundle.unit-test";
		};
		3F5870032BC8FFF00097609B /* CounterUITests */ = {
			isa = PBXNativeTarget;
			buildConfigurationList = 3F5870142BC8FFF00097609B /* Build configuration list for PBXNativeTarget "CounterUITests" */;
			buildPhases = (
				3F5870002BC8FFF00097609B /* Sources */,
				3F5870012BC8FFF00097609B /* Frameworks */,
				3F5870022BC8FFF00097609B /* Resources */,
			);
			buildRules = (
			);
			dependencies = (
				3F5870062BC8FFF00097609B /* PBXTargetDependency */,
			);
			name = CounterUITests;
			productName = CounterUITests;
			productReference = 3F5870042BC8FFF00097609B /* CounterUITests.xctest */;
			productType = "com.apple.product-type.bundle.ui-testing";
		};
/* End PBXNativeTarget section */

/* Begin PBXProject section */
		3F586FDC2BC8FFEE0097609B /* Project object */ = {
			isa = PBXProject;
			attributes = {
				BuildIndependentTargetsInParallel = 1;
				LastSwiftUpdateCheck = 1530;
				LastUpgradeCheck = 1530;
				TargetAttributes = {
					3F586FE32BC8FFEE0097609B = {
						CreatedOnToolsVersion = 15.3;
					};
					3F586FF92BC8FFF00097609B = {
						CreatedOnToolsVersion = 15.3;
						TestTargetID = 3F586FE32BC8FFEE0097609B;
					};
					3F5870032BC8FFF00097609B = {
						CreatedOnToolsVersion = 15.3;
						TestTargetID = 3F586FE32BC8FFEE0097609B;
					};
				};
			};
			buildConfigurationList = 3F586FDF2BC8FFEE0097609B /* Build configuration list for PBXProject "Counter" */;
			compatibilityVersion = "Xcode 14.0";
			developmentRegion = en;
			hasScannedForEncodings = 0;
			knownRegions = (
				en,
				Base,
			);
			mainGroup = 3F586FDB2BC8FFEE0097609B;
			productRefGroup = 3F586FE52BC8FFEE0097609B /* Products */;
			projectDirPath = "";
			projectRoot = "";
			targets = (
				3F586FE32BC8FFEE0097609B /* Counter */,
				3F586FF92BC8FFF00097609B /* CounterTests */,
				3F5870032BC8FFF00097609B /* CounterUITests */,
			);
		};
/* End PBXProject section */

/* Begin PBXResourcesBuildPhase section */
		3F586FE22BC8FFEE0097609B /* Resources */ = {
			isa = PBXResourcesBuildPhase;
			buildActionMask = 2147483647;
			files = (
				3F586FF12BC8FFEF0097609B /* Assets.xcassets in Resources */,
				3F586FF42BC8FFEF0097609B /* Base in Resources */,
				3F586FEF2BC8FFEE0097609B /* Base in Resources */,
			);
			runOnlyForDeploymentPostprocessing = 0;
		};
		3F586FF82BC8FFF00097609B /* Resources */ = {
			isa = PBXResourcesBuildPhase;
			buildActionMask = 2147483647;
			files = (
			);
			runOnlyForDeploymentPostprocessing = 0;
		};
		3F5870022BC8FFF00097609B /* Resources */ = {
			isa = PBXResourcesBuildPhase;
			buildActionMask = 2147483647;
			files = (
			);
			runOnlyForDeploymentPostprocessing = 0;
		};
/* End PBXResourcesBuildPhase section */

/* Begin PBXSourcesBuildPhase section */
		3F586FE02BC8FFEE0097609B /* Sources */ = {
			isa = PBXSourcesBuildPhase;
			buildActionMask = 2147483647;
			files = (
				3F586FEC2BC8FFEE0097609B /* ViewController.swift in Sources */,
				3F586FE82BC8FFEE0097609B /* AppDelegate.swift in Sources */,
				3F586FEA2BC8FFEE0097609B /* SceneDelegate.swift in Sources */,
			);
			runOnlyForDeploymentPostprocessing = 0;
		};
		3F586FF62BC8FFF00097609B /* Sources */ = {
			isa = PBXSourcesBuildPhase;
			buildActionMask = 2147483647;
			files = (
				3F586FFF2BC8FFF00097609B /* CounterTests.swift in Sources */,
			);
			runOnlyForDeploymentPostprocessing = 0;
		};
		3F5870002BC8FFF00097609B /* Sources */ = {
			isa = PBXSourcesBuildPhase;
			buildActionMask = 2147483647;
			files = (
				3F5870092BC8FFF00097609B /* CounterUITests.swift in Sources */,
				3F58700B2BC8FFF00097609B /* CounterUITestsLaunchTests.swift in Sources */,
			);
			runOnlyForDeploymentPostprocessing = 0;
		};
/* End PBXSourcesBuildPhase section */

/* Begin PBXTargetDependency section */
		3F586FFC2BC8FFF00097609B /* PBXTargetDependency */ = {
			isa = PBXTargetDependency;
			target = 3F586FE32BC8FFEE0097609B /* Counter */;
			targetProxy = 3F586FFB2BC8FFF00097609B /* PBXContainerItemProxy */;
		};
		3F5870062BC8FFF00097609B /* PBXTargetDependency */ = {
			isa = PBXTargetDependency;
			target = 3F586FE32BC8FFEE0097609B /* Counter */;
			targetProxy = 3F5870052BC8FFF00097609B /* PBXContainerItemProxy */;
		};
/* End PBXTargetDependency section */

/* Begin PBXVariantGroup section */
		3F586FED2BC8FFEE0097609B /* Main.storyboard */ = {
			isa = PBXVariantGroup;
			children = (
				3F586FEE2BC8FFEE0097609B /* Base */,
			);
			name = Main.storyboard;
			sourceTree = "<group>";
		};
		3F586FF22BC8FFEF0097609B /* LaunchScreen.storyboard */ = {
			isa = PBXVariantGroup;
			children = (
				3F586FF32BC8FFEF0097609B /* Base */,
			);
			name = LaunchScreen.storyboard;
			sourceTree = "<group>";
		};
/* End PBXVariantGroup section */

/* Begin XCBuildConfiguration section */
		3F58700C2BC8FFF00097609B /* Debug */ = {
			isa = XCBuildConfiguration;
			buildSettings = {
				ALWAYS_SEARCH_USER_PATHS = NO;
				ASSETCATALOG_COMPILER_GENERATE_SWIFT_ASSET_SYMBOL_EXTENSIONS = YES;
				CLANG_ANALYZER_NONNULL = YES;
				CLANG_ANALYZER_NUMBER_OBJECT_CONVERSION = YES_AGGRESSIVE;
				CLANG_CXX_LANGUAGE_STANDARD = "gnu++20";
				CLANG_ENABLE_MODULES = YES;
				CLANG_ENABLE_OBJC_ARC = YES;
				CLANG_ENABLE_OBJC_WEAK = YES;
				CLANG_WARN_BLOCK_CAPTURE_AUTORELEASING = YES;
				CLANG_WARN_BOOL_CONVERSION = YES;
				CLANG_WARN_COMMA = YES;
				CLANG_WARN_CONSTANT_CONVERSION = YES;
				CLANG_WARN_DEPRECATED_OBJC_IMPLEMENTATIONS = YES;
				CLANG_WARN_DIRECT_OBJC_ISA_USAGE = YES_ERROR;
				CLANG_WARN_DOCUMENTATION_COMMENTS = YES;
				CLANG_WARN_EMPTY_BODY = YES;
				CLANG_WARN_ENUM_CONVERSION = YES;
				CLANG_WARN_INFINITE_RECURSION = YES;
				CLANG_WARN_INT_CONVERSION = YES;
				CLANG_WARN_NON_LITERAL_NULL_CONVERSION = YES;
				CLANG_WARN_OBJC_IMPLICIT_RETAIN_SELF = YES;
				CLANG_WARN_OBJC_LITERAL_CONVERSION = YES;
				CLANG_WARN_OBJC_ROOT_CLASS = YES_ERROR;
				CLANG_WARN_QUOTED_INCLUDE_IN_FRAMEWORK_HEADER = YES;
				CLANG_WARN_RANGE_LOOP_ANALYSIS = YES;
				CLANG_WARN_STRICT_PROTOTYPES = YES;
				CLANG_WARN_SUSPICIOUS_MOVE = YES;
				CLANG_WARN_UNGUARDED_AVAILABILITY = YES_AGGRESSIVE;
				CLANG_WARN_UNREACHABLE_CODE = YES;
				CLANG_WARN__DUPLICATE_METHOD_MATCH = YES;
				COPY_PHASE_STRIP = NO;
				DEBUG_INFORMATION_FORMAT = dwarf;
				ENABLE_STRICT_OBJC_MSGSEND = YES;
				ENABLE_TESTABILITY = YES;
				ENABLE_USER_SCRIPT_SANDBOXING = YES;
				GCC_C_LANGUAGE_STANDARD = gnu17;
				GCC_DYNAMIC_NO_PIC = NO;
				GCC_NO_COMMON_BLOCKS = YES;
				GCC_OPTIMIZATION_LEVEL = 0;
				GCC_PREPROCESSOR_DEFINITIONS = (
					"DEBUG=1",
					"$(inherited)",
				);
				GCC_WARN_64_TO_32_BIT_CONVERSION = YES;
				GCC_WARN_ABOUT_RETURN_TYPE = YES_ERROR;
				GCC_WARN_UNDECLARED_SELECTOR = YES;
				GCC_WARN_UNINITIALIZED_AUTOS = YES_AGGRESSIVE;
				GCC_WARN_UNUSED_FUNCTION = YES;
				GCC_WARN_UNUSED_VARIABLE = YES;
				IPHONEOS_DEPLOYMENT_TARGET = 17.4;
				LOCALIZATION_PREFERS_STRING_CATALOGS = YES;
				MTL_ENABLE_DEBUG_INFO = INCLUDE_SOURCE;
				MTL_FAST_MATH = YES;
				ONLY_ACTIVE_ARCH = YES;
				SDKROOT = iphoneos;
				SWIFT_ACTIVE_COMPILATION_CONDITIONS = "DEBUG $(inherited)";
				SWIFT_OPTIMIZATION_LEVEL = "-Onone";
			};
			name = Debug;
		};
		3F58700D2BC8FFF00097609B /* Release */ = {
			isa = XCBuildConfiguration;
			buildSettings = {
				ALWAYS_SEARCH_USER_PATHS = NO;
				ASSETCATALOG_COMPILER_GENERATE_SWIFT_ASSET_SYMBOL_EXTENSIONS = YES;
				CLANG_ANALYZER_NONNULL = YES;
				CLANG_ANALYZER_NUMBER_OBJECT_CONVERSION = YES_AGGRESSIVE;
				CLANG_CXX_LANGUAGE_STANDARD = "gnu++20";
				CLANG_ENABLE_MODULES = YES;
				CLANG_ENABLE_OBJC_ARC = YES;
				CLANG_ENABLE_OBJC_WEAK = YES;
				CLANG_WARN_BLOCK_CAPTURE_AUTORELEASING = YES;
				CLANG_WARN_BOOL_CONVERSION = YES;
				CLANG_WARN_COMMA = YES;
				CLANG_WARN_CONSTANT_CONVERSION = YES;
				CLANG_WARN_DEPRECATED_OBJC_IMPLEMENTATIONS = YES;
				CLANG_WARN_DIRECT_OBJC_ISA_USAGE = YES_ERROR;
				CLANG_WARN_DOCUMENTATION_COMMENTS = YES;
				CLANG_WARN_EMPTY_BODY = YES;
				CLANG_WARN_ENUM_CONVERSION = YES;
				CLANG_WARN_INFINITE_RECURSION = YES;
				CLANG_WARN_INT_CONVERSION = YES;
				CLANG_WARN_NON_LITERAL_NULL_CONVERSION = YES;
				CLANG_WARN_OBJC_IMPLICIT_RETAIN_SELF = YES;
				CLANG_WARN_OBJC_LITERAL_CONVERSION = YES;
				CLANG_WARN_OBJC_ROOT_CLASS = YES_ERROR;
				CLANG_WARN_QUOTED_INCLUDE_IN_FRAMEWORK_HEADER = YES;
				CLANG_WARN_RANGE_LOOP_ANALYSIS = YES;
				CLANG_WARN_STRICT_PROTOTYPES = YES;
				CLANG_WARN_SUSPICIOUS_MOVE = YES;
				CLANG_WARN_UNGUARDED_AVAILABILITY = YES_AGGRESSIVE;
				CLANG_WARN_UNREACHABLE_CODE = YES;
				CLANG_WARN__DUPLICATE_METHOD_MATCH = YES;
				COPY_PHASE_STRIP = NO;
				DEBUG_INFORMATION_FORMAT = "dwarf-with-dsym";
				ENABLE_NS_ASSERTIONS = NO;
				ENABLE_STRICT_OBJC_MSGSEND = YES;
				ENABLE_USER_SCRIPT_SANDBOXING = YES;
				GCC_C_LANGUAGE_STANDARD = gnu17;
				GCC_NO_COMMON_BLOCKS = YES;
				GCC_WARN_64_TO_32_BIT_CONVERSION = YES;
				GCC_WARN_ABOUT_RETURN_TYPE = YES_ERROR;
				GCC_WARN_UNDECLARED_SELECTOR = YES;
				GCC_WARN_UNINITIALIZED_AUTOS = YES_AGGRESSIVE;
				GCC_WARN_UNUSED_FUNCTION = YES;
				GCC_WARN_UNUSED_VARIABLE = YES;
				IPHONEOS_DEPLOYMENT_TARGET = 17.4;
				LOCALIZATION_PREFERS_STRING_CATALOGS = YES;
				MTL_ENABLE_DEBUG_INFO = NO;
				MTL_FAST_MATH = YES;
				SDKROOT = iphoneos;
				SWIFT_COMPILATION_MODE = wholemodule;
				VALIDATE_PRODUCT = YES;
			};
			name = Release;
		};
		3F58700F2BC8FFF00097609B /* Debug */ = {
			isa = XCBuildConfiguration;
			buildSettings = {
				ASSETCATALOG_COMPILER_APPICON_NAME = AppIcon;
				ASSETCATALOG_COMPILER_GLOBAL_ACCENT_COLOR_NAME = AccentColor;
				CODE_SIGN_STYLE = Automatic;
				CURRENT_PROJECT_VERSION = 1;
				GENERATE_INFOPLIST_FILE = YES;
				INFOPLIST_FILE = Counter/Info.plist;
				INFOPLIST_KEY_UIApplicationSupportsIndirectInputEvents = YES;
				INFOPLIST_KEY_UILaunchStoryboardName = LaunchScreen;
				INFOPLIST_KEY_UIMainStoryboardFile = Main;
				INFOPLIST_KEY_UISupportedInterfaceOrientations_iPad = "UIInterfaceOrientationPortrait UIInterfaceOrientationPortraitUpsideDown UIInterfaceOrientationLandscapeLeft UIInterfaceOrientationLandscapeRight";
				INFOPLIST_KEY_UISupportedInterfaceOrientations_iPhone = "UIInterfaceOrientationPortrait UIInterfaceOrientationLandscapeLeft UIInterfaceOrientationLandscapeRight";
				LD_RUNPATH_SEARCH_PATHS = (
					"$(inherited)",
					"@executable_path/Frameworks",
				);
				MARKETING_VERSION = 1.0;
				PRODUCT_BUNDLE_IDENTIFIER = S.Counter;
				PRODUCT_NAME = "$(TARGET_NAME)";
				SWIFT_EMIT_LOC_STRINGS = YES;
				SWIFT_VERSION = 5.0;
				TARGETED_DEVICE_FAMILY = "1,2";
			};
			name = Debug;
		};
		3F5870102BC8FFF00097609B /* Release */ = {
			isa = XCBuildConfiguration;
			buildSettings = {
				ASSETCATALOG_COMPILER_APPICON_NAME = AppIcon;
				ASSETCATALOG_COMPILER_GLOBAL_ACCENT_COLOR_NAME = AccentColor;
				CODE_SIGN_STYLE = Automatic;
				CURRENT_PROJECT_VERSION = 1;
				GENERATE_INFOPLIST_FILE = YES;
				INFOPLIST_FILE = Counter/Info.plist;
				INFOPLIST_KEY_UIApplicationSupportsIndirectInputEvents = YES;
				INFOPLIST_KEY_UILaunchStoryboardName = LaunchScreen;
				INFOPLIST_KEY_UIMainStoryboardFile = Main;
				INFOPLIST_KEY_UISupportedInterfaceOrientations_iPad = "UIInterfaceOrientationPortrait UIInterfaceOrientationPortraitUpsideDown UIInterfaceOrientationLandscapeLeft UIInterfaceOrientationLandscapeRight";
				INFOPLIST_KEY_UISupportedInterfaceOrientations_iPhone = "UIInterfaceOrientationPortrait UIInterfaceOrientationLandscapeLeft UIInterfaceOrientationLandscapeRight";
				LD_RUNPATH_SEARCH_PATHS = (
					"$(inherited)",
					"@executable_path/Frameworks",
				);
				MARKETING_VERSION = 1.0;
				PRODUCT_BUNDLE_IDENTIFIER = S.Counter;
				PRODUCT_NAME = "$(TARGET_NAME)";
				SWIFT_EMIT_LOC_STRINGS = YES;
				SWIFT_VERSION = 5.0;
				TARGETED_DEVICE_FAMILY = "1,2";
			};
			name = Release;
		};
		3F5870122BC8FFF00097609B /* Debug */ = {
			isa = XCBuildConfiguration;
			buildSettings = {
				ALWAYS_EMBED_SWIFT_STANDARD_LIBRARIES = YES;
				BUNDLE_LOADER = "$(TEST_HOST)";
				CODE_SIGN_STYLE = Automatic;
				CURRENT_PROJECT_VERSION = 1;
				GENERATE_INFOPLIST_FILE = YES;
				IPHONEOS_DEPLOYMENT_TARGET = 17.4;
				MARKETING_VERSION = 1.0;
				PRODUCT_BUNDLE_IDENTIFIER = S.CounterTests;
				PRODUCT_NAME = "$(TARGET_NAME)";
				SWIFT_EMIT_LOC_STRINGS = NO;
				SWIFT_VERSION = 5.0;
				TARGETED_DEVICE_FAMILY = "1,2";
				TEST_HOST = "$(BUILT_PRODUCTS_DIR)/Counter.app/$(BUNDLE_EXECUTABLE_FOLDER_PATH)/Counter";
			};
			name = Debug;
		};
		3F5870132BC8FFF00097609B /* Release */ = {
			isa = XCBuildConfiguration;
			buildSettings = {
				ALWAYS_EMBED_SWIFT_STANDARD_LIBRARIES = YES;
				BUNDLE_LOADER = "$(TEST_HOST)";
				CODE_SIGN_STYLE = Automatic;
				CURRENT_PROJECT_VERSION = 1;
				GENERATE_INFOPLIST_FILE = YES;
				IPHONEOS_DEPLOYMENT_TARGET = 17.4;
				MARKETING_VERSION = 1.0;
				PRODUCT_BUNDLE_IDENTIFIER = S.CounterTests;
				PRODUCT_NAME = "$(TARGET_NAME)";
				SWIFT_EMIT_LOC_STRINGS = NO;
				SWIFT_VERSION = 5.0;
				TARGETED_DEVICE_FAMILY = "1,2";
				TEST_HOST = "$(BUILT_PRODUCTS_DIR)/Counter.app/$(BUNDLE_EXECUTABLE_FOLDER_PATH)/Counter";
			};
			name = Release;
		};
		3F5870152BC8FFF00097609B /* Debug */ = {
			isa = XCBuildConfiguration;
			buildSettings = {
				ALWAYS_EMBED_SWIFT_STANDARD_LIBRARIES = YES;
				CODE_SIGN_STYLE = Automatic;
				CURRENT_PROJECT_VERSION = 1;
				GENERATE_INFOPLIST_FILE = YES;
				MARKETING_VERSION = 1.0;
				PRODUCT_BUNDLE_IDENTIFIER = S.CounterUITests;
				PRODUCT_NAME = "$(TARGET_NAME)";
				SWIFT_EMIT_LOC_STRINGS = NO;
				SWIFT_VERSION = 5.0;
				TARGETED_DEVICE_FAMILY = "1,2";
				TEST_TARGET_NAME = Counter;
			};
			name = Debug;
		};
		3F5870162BC8FFF00097609B /* Release */ = {
			isa = XCBuildConfiguration;
			buildSettings = {
				ALWAYS_EMBED_SWIFT_STANDARD_LIBRARIES = YES;
				CODE_SIGN_STYLE = Automatic;
				CURRENT_PROJECT_VERSION = 1;
				GENERATE_INFOPLIST_FILE = YES;
				MARKETING_VERSION = 1.0;
				PRODUCT_BUNDLE_IDENTIFIER = S.CounterUITests;
				PRODUCT_NAME = "$(TARGET_NAME)";
				SWIFT_EMIT_LOC_STRINGS = NO;
				SWIFT_VERSION = 5.0;
				TARGETED_DEVICE_FAMILY = "1,2";
				TEST_TARGET_NAME = Counter;
			};
			name = Release;
		};
/* End XCBuildConfiguration section */

/* Begin XCConfigurationList section */
		3F586FDF2BC8FFEE0097609B /* Build configuration list for PBXProject "Counter" */ = {
			isa = XCConfigurationList;
			buildConfigurations = (
				3F58700C2BC8FFF00097609B /* Debug */,
				3F58700D2BC8FFF00097609B /* Release */,
			);
			defaultConfigurationIsVisible = 0;
			defaultConfigurationName = Release;
		};
		3F58700E2BC8FFF00097609B /* Build configuration list for PBXNativeTarget "Counter" */ = {
			isa = XCConfigurationList;
			buildConfigurations = (
				3F58700F2BC8FFF00097609B /* Debug */,
				3F5870102BC8FFF00097609B /* Release */,
			);
			defaultConfigurationIsVisible = 0;
			defaultConfigurationName = Release;
		};
		3F5870112BC8FFF00097609B /* Build configuration list for PBXNativeTarget "CounterTests" */ = {
			isa = XCConfigurationList;
			buildConfigurations = (
				3F5870122BC8FFF00097609B /* Debug */,
				3F5870132BC8FFF00097609B /* Release */,
			);
			defaultConfigurationIsVisible = 0;
			defaultConfigurationName = Release;
		};
		3F5870142BC8FFF00097609B /* Build configuration list for PBXNativeTarget "CounterUITests" */ = {
			isa = XCConfigurationList;
			buildConfigurations = (
				3F5870152BC8FFF00097609B /* Debug */,
				3F5870162BC8FFF00097609B /* Release */,
			);
			defaultConfigurationIsVisible = 0;
			defaultConfigurationName = Release;
		};
/* End XCConfigurationList section */
	};
	rootObject = 3F586FDC2BC8FFEE0097609B /* Project object */;
}
